
Microsoft Visual Studio Solution File, Format Version 12.00
# Visual Studio Version 17
VisualStudioVersion = 17.9.34728.123
MinimumVisualStudioVersion = 10.0.40219.1
Project("{FAE04EC0-301F-11D3-BF4B-00C04F79EFBC}") = "taskAlgorithm", "taskAlgorithm\taskAlgorithm.csproj", "{AB67D449-70E4-4460-B0F6-3479D5537FFB}"
EndProject
Global
	GlobalSection(SolutionConfigurationPlatforms) = preSolution
		Debug|Any CPU = Debug|Any CPU
		Release|Any CPU = Release|Any CPU
	EndGlobalSection
	GlobalSection(ProjectConfigurationPlatforms) = postSolution
		{AB67D449-70E4-4460-B0F6-3479D5537FFB}.Debug|Any CPU.ActiveCfg = Debug|Any CPU
		{AB67D449-70E4-4460-B0F6-3479D5537FFB}.Debug|Any CPU.Build.0 = Debug|Any CPU
		{AB67D449-70E4-4460-B0F6-3479D5537FFB}.Release|Any CPU.ActiveCfg = Release|Any CPU
		{AB67D449-70E4-4460-B0F6-3479D5537FFB}.Release|Any CPU.Build.0 = Release|Any CPU
	EndGlobalSection
	GlobalSection(SolutionProperties) = preSolution
		HideSolutionNode = FALSE
	EndGlobalSection
	GlobalSection(ExtensibilityGlobals) = postSolution
		SolutionGuid = {4F4DFC8B-6B10-4F95-95AC-6086B32BD928}
	EndGlobalSection
EndGlobal
